
Microsoft Visual Studio Solution File, Format Version 12.00
Project("{FAE04EC0-301F-11D3-BF4B-00C04F79EFBC}") = "ServerUTW", "ServerUTW\ServerUTW.csproj", "{F3FB347F-881D-4027-8432-7A48572062F1}"
EndProject
Project("{FAE04EC0-301F-11D3-BF4B-00C04F79EFBC}") = "SiteUTW", "SiteUTW\SiteUTW.csproj", "{97A699F6-3EF8-4DD0-BE76-7458AEAB229B}"
EndProject
Global
	GlobalSection(SolutionConfigurationPlatforms) = preSolution
		Debug|Any CPU = Debug|Any CPU
		Release|Any CPU = Release|Any CPU
	EndGlobalSection
	GlobalSection(ProjectConfigurationPlatforms) = postSolution
		{F3FB347F-881D-4027-8432-7A48572062F1}.Debug|Any CPU.ActiveCfg = Debug|Any CPU
		{F3FB347F-881D-4027-8432-7A48572062F1}.Debug|Any CPU.Build.0 = Debug|Any CPU
		{F3FB347F-881D-4027-8432-7A48572062F1}.Release|Any CPU.ActiveCfg = Release|Any CPU
		{F3FB347F-881D-4027-8432-7A48572062F1}.Release|Any CPU.Build.0 = Release|Any CPU
		{97A699F6-3EF8-4DD0-BE76-7458AEAB229B}.Debug|Any CPU.ActiveCfg = Debug|Any CPU
		{97A699F6-3EF8-4DD0-BE76-7458AEAB229B}.Debug|Any CPU.Build.0 = Debug|Any CPU
		{97A699F6-3EF8-4DD0-BE76-7458AEAB229B}.Release|Any CPU.ActiveCfg = Release|Any CPU
		{97A699F6-3EF8-4DD0-BE76-7458AEAB229B}.Release|Any CPU.Build.0 = Release|Any CPU
	EndGlobalSection
EndGlobal
